<?xml version="1.0" encoding="utf-8"?>
<Project ToolsVersion="17.0" xmlns="http://schemas.microsoft.com/developer/msbuild/2003">
  <ItemGroup>
    <ClCompile Include="F:\qianshuiting\libfacedetection-master\src\facedetectcnn-data.cpp">
      <Filter>Source Files</Filter>
    </ClCompile>
    <ClCompile Include="F:\qianshuiting\libfacedetection-master\src\facedetectcnn-model.cpp">
      <Filter>Source Files</Filter>
    </ClCompile>
    <ClCompile Include="F:\qianshuiting\libfacedetection-master\src\facedetectcnn.cpp">
      <Filter>Source Files</Filter>
    </ClCompile>
  </ItemGroup>
  <ItemGroup>
    <ClInclude Include="F:\qianshuiting\libfacedetection-master\src\facedetectcnn.h">
      <Filter>Header Files</Filter>
    </ClInclude>
  </ItemGroup>
  <ItemGroup>
    <CustomBuild Include="F:\qianshuiting\libfacedetection-master\CMakeLists.txt" />
  </ItemGroup>
  <ItemGroup>
    <Filter Include="Header Files">
      <UniqueIdentifier>{2A6A1FEB-692B-302F-A04B-96C8C8A89D17}</UniqueIdentifier>
    </Filter>
    <Filter Include="Source Files">
      <UniqueIdentifier>{5235229B-6A0B-3A19-BEC2-3357A654F1C7}</UniqueIdentifier>
    </Filter>
  </ItemGroup>
</Project>
